# This file is generated by running "yarn install" inside your project.
# Manual changes might be lost - proceed with caution!

__metadata:
  version: 6
  cacheKey: 8c0

"@cspotcode/source-map-support@npm:^0.8.0":
  version: 0.8.1
  resolution: "@cspotcode/source-map-support@npm:0.8.1"
  dependencies:
    "@jridgewell/trace-mapping": 0.3.9
  checksum: 05c5368c13b662ee4c122c7bfbe5dc0b613416672a829f3e78bc49a357a197e0218d6e74e7c66cfcd04e15a179acab080bd3c69658c9fbefd0e1ccd950a07fc6
  languageName: node
  linkType: hard

"@jridgewell/resolve-uri@npm:^3.0.3":
  version: 3.1.0
  resolution: "@jridgewell/resolve-uri@npm:3.1.0"
  checksum: 78055e2526108331126366572045355051a930f017d1904a4f753d3f4acee8d92a14854948095626f6163cffc24ea4e3efa30637417bb866b84743dec7ef6fd9
  languageName: node
  linkType: hard

"@jridgewell/sourcemap-codec@npm:^1.4.10":
  version: 1.4.14
  resolution: "@jridgewell/sourcemap-codec@npm:1.4.14"
  checksum: 3fbaff1387c1338b097eeb6ff92890d7838f7de0dde259e4983763b44540bfd5ca6a1f7644dc8ad003a57f7e80670d5b96a8402f1386ba9aee074743ae9bad51
  languageName: node
  linkType: hard

"@jridgewell/trace-mapping@npm:0.3.9":
  version: 0.3.9
  resolution: "@jridgewell/trace-mapping@npm:0.3.9"
  dependencies:
    "@jridgewell/resolve-uri": ^3.0.3
    "@jridgewell/sourcemap-codec": ^1.4.10
  checksum: fa425b606d7c7ee5bfa6a31a7b050dd5814b4082f318e0e4190f991902181b4330f43f4805db1dd4f2433fd0ed9cc7a7b9c2683f1deeab1df1b0a98b1e24055b
  languageName: node
  linkType: hard

"@sindresorhus/is@npm:^4.0.0":
  version: 4.6.0
  resolution: "@sindresorhus/is@npm:4.6.0"
  checksum: 33b6fb1d0834ec8dd7689ddc0e2781c2bfd8b9c4e4bacbcb14111e0ae00621f2c264b8a7d36541799d74888b5dccdf422a891a5cb5a709ace26325eedc81e22e
  languageName: node
  linkType: hard

"@szmarczak/http-timer@npm:^4.0.5":
  version: 4.0.6
  resolution: "@szmarczak/http-timer@npm:4.0.6"
  dependencies:
    defer-to-connect: ^2.0.0
  checksum: 73946918c025339db68b09abd91fa3001e87fc749c619d2e9c2003a663039d4c3cb89836c98a96598b3d47dec2481284ba85355392644911f5ecd2336536697f
  languageName: node
  linkType: hard

"@tsconfig/node10@npm:^1.0.7":
  version: 1.0.9
  resolution: "@tsconfig/node10@npm:1.0.9"
  checksum: c176a2c1e1b16be120c328300ea910df15fb9a5277010116d26818272341a11483c5a80059389d04edacf6fd2d03d4687ad3660870fdd1cc0b7109e160adb220
  languageName: node
  linkType: hard

"@tsconfig/node12@npm:^1.0.7":
  version: 1.0.11
  resolution: "@tsconfig/node12@npm:1.0.11"
  checksum: dddca2b553e2bee1308a056705103fc8304e42bb2d2cbd797b84403a223b25c78f2c683ec3e24a095e82cd435387c877239bffcb15a590ba817cd3f6b9a99fd9
  languageName: node
  linkType: hard

"@tsconfig/node14@npm:^1.0.0":
  version: 1.0.3
  resolution: "@tsconfig/node14@npm:1.0.3"
  checksum: 67c1316d065fdaa32525bc9449ff82c197c4c19092b9663b23213c8cbbf8d88b6ed6a17898e0cbc2711950fbfaf40388938c1c748a2ee89f7234fc9e7fe2bf44
  languageName: node
  linkType: hard

"@tsconfig/node16@npm:^1.0.2":
  version: 1.0.3
  resolution: "@tsconfig/node16@npm:1.0.3"
  checksum: 451a0d4b2bc35c2cdb30a49b6c699d797b8bbac99b883237659698678076d4193050d90e2ee36016ccbca57075cdb073cadab38cedc45119bac68ab331958cbc
  languageName: node
  linkType: hard

"@types/cacheable-request@npm:^6.0.1":
  version: 6.0.3
  resolution: "@types/cacheable-request@npm:6.0.3"
  dependencies:
    "@types/http-cache-semantics": "*"
    "@types/keyv": ^3.1.4
    "@types/node": "*"
    "@types/responselike": ^1.0.0
  checksum: 10816a88e4e5b144d43c1d15a81003f86d649776c7f410c9b5e6579d0ad9d4ca71c541962fb403077388b446e41af7ae38d313e46692144985f006ac5e11fa03
  languageName: node
  linkType: hard

"@types/http-cache-semantics@npm:*":
  version: 4.0.1
  resolution: "@types/http-cache-semantics@npm:4.0.1"
  checksum: 6d6068110a04cac213bdc0fff9c7bac028b5a2da390492204328987d8ddc500adc10d9cf5747a6333dab261712655dcfe120ea1d5527c205d012a39cdccc2a7b
  languageName: node
  linkType: hard

"@types/keyv@npm:^3.1.4":
  version: 3.1.4
  resolution: "@types/keyv@npm:3.1.4"
  dependencies:
    "@types/node": "*"
  checksum: ff8f54fc49621210291f815fe5b15d809fd7d032941b3180743440bd507ecdf08b9e844625fa346af568c84bf34114eb378dcdc3e921a08ba1e2a08d7e3c809c
  languageName: node
  linkType: hard

"@types/node@npm:*, @types/node@npm:^18.11.10":
  version: 18.11.18
  resolution: "@types/node@npm:18.11.18"
  checksum: 1a308a03a7c1cfced411fc3187e49a507ab2b3ce7cdf0794b7511c8843aae5a8dbe52b16ba4217d2da1c8e3c50920c272b45fecff4cccc26606be7f42c33f4f5
  languageName: node
  linkType: hard

"@types/responselike@npm:^1.0.0":
  version: 1.0.0
  resolution: "@types/responselike@npm:1.0.0"
  dependencies:
    "@types/node": "*"
  checksum: 474ac2402e6d43c007eee25f50d01eb1f67255ca83dd8e036877292bbe8dd5d2d1e50b54b408e233b50a8c38e681ff3ebeaf22f18b478056eddb65536abb003a
  languageName: node
  linkType: hard

"acorn-walk@npm:^8.1.1":
  version: 8.2.0
  resolution: "acorn-walk@npm:8.2.0"
  checksum: dbe92f5b2452c93e960c5594e666dd1fae141b965ff2cb4a1e1d0381e3e4db4274c5ce4ffa3d681a86ca2a8d4e29d5efc0670a08e23fd2800051ea387df56ca2
  languageName: node
  linkType: hard

"acorn@npm:^8.4.1":
  version: 8.8.1
  resolution: "acorn@npm:8.8.1"
  bin:
    acorn: bin/acorn
  checksum: 9fd00e3373ecd6c7e8f6adfb3216f5bc9ac050e6fc4ef932f03dbd1d45ccc08289ae16fc9eec10c5de8f1ca65b5f70c02635e1e9015d109dae96fdede340abf5
  languageName: node
  linkType: hard

"arg@npm:^4.1.0":
  version: 4.1.3
  resolution: "arg@npm:4.1.3"
  checksum: 070ff801a9d236a6caa647507bdcc7034530604844d64408149a26b9e87c2f97650055c0f049abd1efc024b334635c01f29e0b632b371ac3f26130f4cf65997a
  languageName: node
  linkType: hard

"cacheable-lookup@npm:^5.0.3":
  version: 5.0.4
  resolution: "cacheable-lookup@npm:5.0.4"
  checksum: a6547fb4954b318aa831cbdd2f7b376824bc784fb1fa67610e4147099e3074726072d9af89f12efb69121415a0e1f2918a8ddd4aafcbcf4e91fbeef4a59cd42c
  languageName: node
  linkType: hard

"cacheable-request@npm:^7.0.2":
  version: 7.0.2
  resolution: "cacheable-request@npm:7.0.2"
  dependencies:
    clone-response: ^1.0.2
    get-stream: ^5.1.0
    http-cache-semantics: ^4.0.0
    keyv: ^4.0.0
    lowercase-keys: ^2.0.0
    normalize-url: ^6.0.1
    responselike: ^2.0.0
  checksum: 681bad13691d0d5d10652d409374747a2ce8676f854b0d454ee8fc65e0a10a52ea83cd1f6c367ada08572fd4982f2aa2582dc38983d4e958e053e181c433765e
  languageName: node
  linkType: hard

"clone-response@npm:^1.0.2":
  version: 1.0.3
  resolution: "clone-response@npm:1.0.3"
  dependencies:
    mimic-response: ^1.0.0
  checksum: 06a2b611824efb128810708baee3bd169ec9a1bf5976a5258cd7eb3f7db25f00166c6eee5961f075c7e38e194f373d4fdf86b8166ad5b9c7e82bbd2e333a6087
  languageName: node
  linkType: hard

"create-require@npm:^1.1.0":
  version: 1.1.1
  resolution: "create-require@npm:1.1.1"
  checksum: 157cbc59b2430ae9a90034a5f3a1b398b6738bf510f713edc4d4e45e169bc514d3d99dd34d8d01ca7ae7830b5b8b537e46ae8f3c8f932371b0875c0151d7ec91
  languageName: node
  linkType: hard

"decompress-response@npm:^6.0.0":
  version: 6.0.0
  resolution: "decompress-response@npm:6.0.0"
  dependencies:
    mimic-response: ^3.1.0
  checksum: bd89d23141b96d80577e70c54fb226b2f40e74a6817652b80a116d7befb8758261ad073a8895648a29cc0a5947021ab66705cb542fa9c143c82022b27c5b175e
  languageName: node
  linkType: hard

"defer-to-connect@npm:^2.0.0":
  version: 2.0.1
  resolution: "defer-to-connect@npm:2.0.1"
  checksum: 625ce28e1b5ad10cf77057b9a6a727bf84780c17660f6644dab61dd34c23de3001f03cedc401f7d30a4ed9965c2e8a7336e220a329146f2cf85d4eddea429782
  languageName: node
  linkType: hard

"diff@npm:^4.0.1":
  version: 4.0.2
  resolution: "diff@npm:4.0.2"
  checksum: 81b91f9d39c4eaca068eb0c1eb0e4afbdc5bb2941d197f513dd596b820b956fef43485876226d65d497bebc15666aa2aa82c679e84f65d5f2bfbf14ee46e32c1
  languageName: node
  linkType: hard

"end-of-stream@npm:^1.1.0":
  version: 1.4.4
  resolution: "end-of-stream@npm:1.4.4"
  dependencies:
    once: ^1.4.0
  checksum: 870b423afb2d54bb8d243c63e07c170409d41e20b47eeef0727547aea5740bd6717aca45597a9f2745525667a6b804c1e7bede41f856818faee5806dd9ff3975
  languageName: node
  linkType: hard

"get-stream@npm:^5.1.0":
  version: 5.2.0
  resolution: "get-stream@npm:5.2.0"
  dependencies:
    pump: ^3.0.0
  checksum: 43797ffd815fbb26685bf188c8cfebecb8af87b3925091dd7b9a9c915993293d78e3c9e1bce125928ff92f2d0796f3889b92b5ec6d58d1041b574682132e0a80
  languageName: node
  linkType: hard

"got@npm:^11":
  version: 11.8.6
  resolution: "got@npm:11.8.6"
  dependencies:
    "@sindresorhus/is": ^4.0.0
    "@szmarczak/http-timer": ^4.0.5
    "@types/cacheable-request": ^6.0.1
    "@types/responselike": ^1.0.0
    cacheable-lookup: ^5.0.3
    cacheable-request: ^7.0.2
    decompress-response: ^6.0.0
    http2-wrapper: ^1.0.0-beta.5.2
    lowercase-keys: ^2.0.0
    p-cancelable: ^2.0.0
    responselike: ^2.0.0
  checksum: 754dd44877e5cf6183f1e989ff01c648d9a4719e357457bd4c78943911168881f1cfb7b2cb15d885e2105b3ad313adb8f017a67265dd7ade771afdb261ee8cb1
  languageName: node
  linkType: hard

"http-cache-semantics@npm:^4.0.0":
  version: 4.1.0
  resolution: "http-cache-semantics@npm:4.1.0"
  checksum: abe115ddd9f24914a49842f2745ecc8380837bbe30b59b154648c76ebc1bd3d5f8bd05c1789aaa2ae6b79624c591d13c8aa79104ff21078e117140a65ac20654
  languageName: node
  linkType: hard

"http2-wrapper@npm:^1.0.0-beta.5.2":
  version: 1.0.3
  resolution: "http2-wrapper@npm:1.0.3"
  dependencies:
    quick-lru: ^5.1.1
    resolve-alpn: ^1.0.0
  checksum: 6a9b72a033e9812e1476b9d776ce2f387bc94bc46c88aea0d5dab6bd47d0a539b8178830e77054dd26d1142c866d515a28a4dc7c3ff4232c88ff2ebe4f5d12d1
  languageName: node
  linkType: hard

"json-buffer@npm:3.0.1":
  version: 3.0.1
  resolution: "json-buffer@npm:3.0.1"
  checksum: 0d1c91569d9588e7eef2b49b59851f297f3ab93c7b35c7c221e288099322be6b562767d11e4821da500f3219542b9afd2e54c5dc573107c1126ed1080f8e96d7
  languageName: node
  linkType: hard

"keyv@npm:^4.0.0":
  version: 4.5.2
  resolution: "keyv@npm:4.5.2"
  dependencies:
    json-buffer: 3.0.1
  checksum: b633bf53a5afa5591f383d326746226e110e59f13c7e1e8d3e3c9580d2c2345c5eefc21cce168cd5be7fa34b9163e391927146fbd2b7ee7aa2f3aa02b7f0a7de
  languageName: node
  linkType: hard

"lowercase-keys@npm:^2.0.0":
  version: 2.0.0
  resolution: "lowercase-keys@npm:2.0.0"
  checksum: f82a2b3568910509da4b7906362efa40f5b54ea14c2584778ddb313226f9cbf21020a5db35f9b9a0e95847a9b781d548601f31793d736b22a2b8ae8eb9ab1082
  languageName: node
  linkType: hard

"make-error@npm:^1.1.1":
  version: 1.3.6
  resolution: "make-error@npm:1.3.6"
  checksum: 171e458d86854c6b3fc46610cfacf0b45149ba043782558c6875d9f42f222124384ad0b468c92e996d815a8a2003817a710c0a160e49c1c394626f76fa45396f
  languageName: node
  linkType: hard

"mimic-response@npm:^1.0.0":
  version: 1.0.1
  resolution: "mimic-response@npm:1.0.1"
  checksum: c5381a5eae997f1c3b5e90ca7f209ed58c3615caeee850e85329c598f0c000ae7bec40196580eef1781c60c709f47258131dab237cad8786f8f56750594f27fa
  languageName: node
  linkType: hard

"mimic-response@npm:^3.1.0":
  version: 3.1.0
  resolution: "mimic-response@npm:3.1.0"
  checksum: 0d6f07ce6e03e9e4445bee655202153bdb8a98d67ee8dc965ac140900d7a2688343e6b4c9a72cfc9ef2f7944dfd76eef4ab2482eb7b293a68b84916bac735362
  languageName: node
  linkType: hard

"normalize-url@npm:^6.0.1":
  version: 6.1.0
  resolution: "normalize-url@npm:6.1.0"
  checksum: 95d948f9bdd2cfde91aa786d1816ae40f8262946e13700bf6628105994fe0ff361662c20af3961161c38a119dc977adeb41fc0b41b1745eb77edaaf9cb22db23
  languageName: node
  linkType: hard

"once@npm:^1.3.1, once@npm:^1.4.0":
  version: 1.4.0
  resolution: "once@npm:1.4.0"
  dependencies:
    wrappy: 1
  checksum: 5d48aca287dfefabd756621c5dfce5c91a549a93e9fdb7b8246bc4c4790aa2ec17b34a260530474635147aeb631a2dcc8b32c613df0675f96041cbb8244517d0
  languageName: node
  linkType: hard

"p-cancelable@npm:^2.0.0":
  version: 2.1.1
  resolution: "p-cancelable@npm:2.1.1"
  checksum: 8c6dc1f8dd4154fd8b96a10e55a3a832684c4365fb9108056d89e79fbf21a2465027c04a59d0d797b5ffe10b54a61a32043af287d5c4860f1e996cbdbc847f01
  languageName: node
  linkType: hard

"pump@npm:^3.0.0":
  version: 3.0.0
  resolution: "pump@npm:3.0.0"
  dependencies:
    end-of-stream: ^1.1.0
    once: ^1.3.1
  checksum: bbdeda4f747cdf47db97428f3a135728669e56a0ae5f354a9ac5b74556556f5446a46f720a8f14ca2ece5be9b4d5d23c346db02b555f46739934cc6c093a5478
  languageName: node
  linkType: hard

"quick-lru@npm:^5.1.1":
  version: 5.1.1
  resolution: "quick-lru@npm:5.1.1"
  checksum: a24cba5da8cec30d70d2484be37622580f64765fb6390a928b17f60cd69e8dbd32a954b3ff9176fa1b86d86ff2ba05252fae55dc4d40d0291c60412b0ad096da
  languageName: node
  linkType: hard

"resolve-alpn@npm:^1.0.0":
  version: 1.2.1
  resolution: "resolve-alpn@npm:1.2.1"
  checksum: b70b29c1843bc39781ef946c8cd4482e6d425976599c0f9c138cec8209e4e0736161bf39319b01676a847000085dfdaf63583c6fb4427bf751a10635bd2aa0c4
  languageName: node
  linkType: hard

"responselike@npm:^2.0.0":
  version: 2.0.1
  resolution: "responselike@npm:2.0.1"
  dependencies:
    lowercase-keys: ^2.0.0
  checksum: 360b6deb5f101a9f8a4174f7837c523c3ec78b7ca8a7c1d45a1062b303659308a23757e318b1e91ed8684ad1205721142dd664d94771cd63499353fd4ee732b5
  languageName: node
  linkType: hard

"sample-hpg@workspace:.":
  version: 0.0.0-use.local
  resolution: "sample-hpg@workspace:."
  dependencies:
    "@types/node": ^18.11.10
    got: ^11
    ts-node: ^10.9.1
    typescript: ^4.9.4
  languageName: unknown
  linkType: soft

"ts-node@npm:^10.9.1":
  version: 10.9.1
  resolution: "ts-node@npm:10.9.1"
  dependencies:
    "@cspotcode/source-map-support": ^0.8.0
    "@tsconfig/node10": ^1.0.7
    "@tsconfig/node12": ^1.0.7
    "@tsconfig/node14": ^1.0.0
    "@tsconfig/node16": ^1.0.2
    acorn: ^8.4.1
    acorn-walk: ^8.1.1
    arg: ^4.1.0
    create-require: ^1.1.0
    diff: ^4.0.1
    make-error: ^1.1.1
    v8-compile-cache-lib: ^3.0.1
    yn: 3.1.1
  peerDependencies:
    "@swc/core": ">=1.2.50"
    "@swc/wasm": ">=1.2.50"
    "@types/node": "*"
    typescript: ">=2.7"
  peerDependenciesMeta:
    "@swc/core":
      optional: true
    "@swc/wasm":
      optional: true
  bin:
    ts-node: dist/bin.js
    ts-node-cwd: dist/bin-cwd.js
    ts-node-esm: dist/bin-esm.js
    ts-node-script: dist/bin-script.js
    ts-node-transpile-only: dist/bin-transpile.js
    ts-script: dist/bin-script-deprecated.js
  checksum: 95187932fb83f3901e22546bd2feeac7d2feb4f412f42ac3a595f049a23e8dcf70516dffb51866391228ea2dbcfaea039e250fb2bb334d48a86ab2b6aea0ae2d
  languageName: node
  linkType: hard

"typescript@npm:^4.9.4":
  version: 4.9.4
  resolution: "typescript@npm:4.9.4"
  bin:
    tsc: bin/tsc
    tsserver: bin/tsserver
  checksum: 5008b97a2a3afdbe57ea70e504ebc8ec98f18d888059dfb7932a41f566a1360a28afc8de2a440fd6143b4014cc6d2616079931dc690c7513c2d21fa53957e0ec
  languageName: node
  linkType: hard

"typescript@patch:typescript@^4.9.4#~builtin<compat/typescript>":
  version: 4.9.4
  resolution: "typescript@patch:typescript@npm%3A4.9.4#~builtin<compat/typescript>::version=4.9.4&hash=ad5954"
  bin:
    tsc: bin/tsc
    tsserver: bin/tsserver
  checksum: a98c97a7abb391a00c51a427b074ab58c02df490358b7db7c3f4cc4fceb6d620457a0ef5d58e1c8db08fcb4ece9f3ba656cbfef3f81c12a383b0b8df8f198c7c
  languageName: node
  linkType: hard

"v8-compile-cache-lib@npm:^3.0.1":
  version: 3.0.1
  resolution: "v8-compile-cache-lib@npm:3.0.1"
  checksum: bdc36fb8095d3b41df197f5fb6f11e3a26adf4059df3213e3baa93810d8f0cc76f9a74aaefc18b73e91fe7e19154ed6f134eda6fded2e0f1c8d2272ed2d2d391
  languageName: node
  linkType: hard

"wrappy@npm:1":
  version: 1.0.2
  resolution: "wrappy@npm:1.0.2"
  checksum: 56fece1a4018c6a6c8e28fbc88c87e0fbf4ea8fd64fc6c63b18f4acc4bd13e0ad2515189786dd2c30d3eec9663d70f4ecf699330002f8ccb547e4a18231fc9f0
  languageName: node
  linkType: hard

"yn@npm:3.1.1":
  version: 3.1.1
  resolution: "yn@npm:3.1.1"
  checksum: 0732468dd7622ed8a274f640f191f3eaf1f39d5349a1b72836df484998d7d9807fbea094e2f5486d6b0cd2414aad5775972df0e68f8604db89a239f0f4bf7443
  languageName: node
  linkType: hard
